
Microsoft Visual Studio Solution File, Format Version 12.00
# Visual Studio 14
VisualStudioVersion = 14.0.25420.1
MinimumVisualStudioVersion = 10.0.40219.1
Project("{FAE04EC0-301F-11D3-BF4B-00C04F79EFBC}") = "HelloASP.NET", "WebApplication1\HelloASP.NET.csproj", "{AE343518-B066-4A7A-80A7-94BF77CBE4E7}"
EndProject
Global
	GlobalSection(SolutionConfigurationPlatforms) = preSolution
		Debug|Any CPU = Debug|Any CPU
		Release|Any CPU = Release|Any CPU
	EndGlobalSection
	GlobalSection(ProjectConfigurationPlatforms) = postSolution
		{AE343518-B066-4A7A-80A7-94BF77CBE4E7}.Debug|Any CPU.ActiveCfg = Debug|Any CPU
		{AE343518-B066-4A7A-80A7-94BF77CBE4E7}.Debug|Any CPU.Build.0 = Debug|Any CPU
		{AE343518-B066-4A7A-80A7-94BF77CBE4E7}.Release|Any CPU.ActiveCfg = Release|Any CPU
		{AE343518-B066-4A7A-80A7-94BF77CBE4E7}.Release|Any CPU.Build.0 = Release|Any CPU
	EndGlobalSection
	GlobalSection(SolutionProperties) = preSolution
		HideSolutionNode = FALSE
	EndGlobalSection
EndGlobal
